
Microsoft Visual Studio Solution File, Format Version 12.00
# Visual Studio 15
Project("{FAE04EC0-301F-11D3-BF4B-00C04F79EFBC}") = "Assembly-CSharp", "Assembly-CSharp.csproj", "{F5CA3A61-B5DC-CFE3-D2A8-7339335E564B}"
EndProject
Project("{FAE04EC0-301F-11D3-BF4B-00C04F79EFBC}") = "Assembly-CSharp-firstpass", "Assembly-CSharp-firstpass.csproj", "{25F4A599-474B-AB2E-C3F4-3F38C81CC085}"
EndProject
Project("{FAE04EC0-301F-11D3-BF4B-00C04F79EFBC}") = "Assembly-CSharp-Editor-firstpass", "Assembly-CSharp-Editor-firstpass.csproj", "{38776406-CBFA-3917-0DB3-9C7FC63B75F8}"
EndProject
Global
	GlobalSection(SolutionConfigurationPlatforms) = preSolution
		Debug|Any CPU = Debug|Any CPU
		Release|Any CPU = Release|Any CPU
	EndGlobalSection
	GlobalSection(ProjectConfigurationPlatforms) = postSolution
		{F5CA3A61-B5DC-CFE3-D2A8-7339335E564B}.Debug|Any CPU.ActiveCfg = Debug|Any CPU
		{F5CA3A61-B5DC-CFE3-D2A8-7339335E564B}.Debug|Any CPU.Build.0 = Debug|Any CPU
		{F5CA3A61-B5DC-CFE3-D2A8-7339335E564B}.Release|Any CPU.ActiveCfg = Release|Any CPU
		{F5CA3A61-B5DC-CFE3-D2A8-7339335E564B}.Release|Any CPU.Build.0 = Release|Any CPU
		{25F4A599-474B-AB2E-C3F4-3F38C81CC085}.Debug|Any CPU.ActiveCfg = Debug|Any CPU
		{25F4A599-474B-AB2E-C3F4-3F38C81CC085}.Debug|Any CPU.Build.0 = Debug|Any CPU
		{25F4A599-474B-AB2E-C3F4-3F38C81CC085}.Release|Any CPU.ActiveCfg = Release|Any CPU
		{25F4A599-474B-AB2E-C3F4-3F38C81CC085}.Release|Any CPU.Build.0 = Release|Any CPU
		{38776406-CBFA-3917-0DB3-9C7FC63B75F8}.Debug|Any CPU.ActiveCfg = Debug|Any CPU
		{38776406-CBFA-3917-0DB3-9C7FC63B75F8}.Debug|Any CPU.Build.0 = Debug|Any CPU
		{38776406-CBFA-3917-0DB3-9C7FC63B75F8}.Release|Any CPU.ActiveCfg = Release|Any CPU
		{38776406-CBFA-3917-0DB3-9C7FC63B75F8}.Release|Any CPU.Build.0 = Release|Any CPU
	EndGlobalSection
	GlobalSection(SolutionProperties) = preSolution
		HideSolutionNode = FALSE
	EndGlobalSection
EndGlobal
